{
  "name": "composer",
  "version": "1.0.0",
  "lockfileVersion": 1,
  "requires": true,
  "dependencies": {
    "node-run-cmd": {
      "version": "1.0.1",
      "resolved": "https://registry.npmjs.org/node-run-cmd/-/node-run-cmd-1.0.1.tgz",
      "integrity": "sha1-F1XBJiS9/5INj0UkLWZC4hSj1AA="
    }
  }
}
